{
  "object": {
    "pins": [
      {
        "package": "ProcedureKit",
        "repositoryURL": "https://github.com/ProcedureKit/ProcedureKit.git",
        "state": {
          "branch": null,
          "revision": "a7fa565e648d90083c7f10c0c6be9bf249dcdbde",
          "version": "5.2.0"
        }
      },
      {
        "package": "SDWebImage",
        "repositoryURL": "https://github.com/SDWebImage/SDWebImage.git",
        "state": {
          "branch": null,
          "revision": "564d238f8814c4a82502336fd80b28a9d321ff47",
          "version": "5.10.2"
        }
      }
    ]
  },
  "version": 1
}
