// !$*UTF8*$!
{
	archiveVersion = 1;
	classes = {
	};
	objectVersion = 52;
	objects = {

/* Begin PBXBuildFile section */
		966C1D2825A87B7600555623 /* UnsplashSearchTableViewCell.swift in Sources */ = {isa = PBXBuildFile; fileRef = 966C1D2725A87B7600555623 /* UnsplashSearchTableViewCell.swift */; };
		966C1D2C25A87D7000555623 /* UnsplashPhoto.swift in Sources */ = {isa = PBXBuildFile; fileRef = 966C1D2B25A87D7000555623 /* UnsplashPhoto.swift */; };
		966C1D2F25A87DB400555623 /* UnsplashUser.swift in Sources */ = {isa = PBXBuildFile; fileRef = 966C1D2E25A87DB400555623 /* UnsplashUser.swift */; };
		966C1D3425A8826E00555623 /* DictionaryExtension.swift in Sources */ = {isa = PBXBuildFile; fileRef = 966C1D3325A8826E00555623 /* DictionaryExtension.swift */; };
		966C1D3825A8829D00555623 /* KeyedDecodingContainerExtension.swift in Sources */ = {isa = PBXBuildFile; fileRef = 966C1D3725A8829D00555623 /* KeyedDecodingContainerExtension.swift */; };
		966C1D3C25A887B700555623 /* UnsplashSearchDataController.swift in Sources */ = {isa = PBXBuildFile; fileRef = 966C1D3B25A887B700555623 /* UnsplashSearchDataController.swift */; };
		966C1D4125A8884800555623 /* ReusableDataController.swift in Sources */ = {isa = PBXBuildFile; fileRef = 966C1D4025A8884800555623 /* ReusableDataController.swift */; };
		966C1D4525A88F8800555623 /* ProcedureKitNetwork in Frameworks */ = {isa = PBXBuildFile; productRef = 966C1D4425A88F8800555623 /* ProcedureKitNetwork */; };
		966C1D4725A88F8800555623 /* ProcedureKit in Frameworks */ = {isa = PBXBuildFile; productRef = 966C1D4625A88F8800555623 /* ProcedureKit */; };
		966C1D4B25A8915D00555623 /* BringJsonOperation.swift in Sources */ = {isa = PBXBuildFile; fileRef = 966C1D4A25A8915D00555623 /* BringJsonOperation.swift */; };
		966C1D4F25A89BCC00555623 /* UnsplashSearch.swift in Sources */ = {isa = PBXBuildFile; fileRef = 966C1D4E25A89BCC00555623 /* UnsplashSearch.swift */; };
		966C1D5425AA21FA00555623 /* UnsplashAPIConfiguration.swift in Sources */ = {isa = PBXBuildFile; fileRef = 966C1D5325AA21FA00555623 /* UnsplashAPIConfiguration.swift */; };
		966C1D5725AA250700555623 /* NetworkRequestOperation.swift in Sources */ = {isa = PBXBuildFile; fileRef = 966C1D5625AA250700555623 /* NetworkRequestOperation.swift */; };
		966C1D5A25AA2A5C00555623 /* UnsplashSearchRequestOperation.swift in Sources */ = {isa = PBXBuildFile; fileRef = 966C1D5925AA2A5C00555623 /* UnsplashSearchRequestOperation.swift */; };
		966C1D5D25AA2C4900555623 /* UnsplashRequestOperation.swift in Sources */ = {isa = PBXBuildFile; fileRef = 966C1D5C25AA2C4900555623 /* UnsplashRequestOperation.swift */; };
		966C1D6525AA330C00555623 /* UnsplashPagedRequestOperation.swift in Sources */ = {isa = PBXBuildFile; fileRef = 966C1D6425AA330C00555623 /* UnsplashPagedRequestOperation.swift */; };
		966C1D6825AA35E300555623 /* UnsplashPhotosSearchRequestOperation.swift in Sources */ = {isa = PBXBuildFile; fileRef = 966C1D6725AA35E300555623 /* UnsplashPhotosSearchRequestOperation.swift */; };
		966C1D6B25AA4DD600555623 /* UIImageBlurHashDecodeExtension.swift in Sources */ = {isa = PBXBuildFile; fileRef = 966C1D6A25AA4DD600555623 /* UIImageBlurHashDecodeExtension.swift */; };
		966C1D9525AA62DE00555623 /* SDWebImage in Frameworks */ = {isa = PBXBuildFile; productRef = 966C1D9425AA62DE00555623 /* SDWebImage */; };
		966C1D9A25AA668000555623 /* UnsplashDetailsViewController.swift in Sources */ = {isa = PBXBuildFile; fileRef = 966C1D9925AA668000555623 /* UnsplashDetailsViewController.swift */; };
		966C1DCC25AAFBA800555623 /* UIImageExtension.swift in Sources */ = {isa = PBXBuildFile; fileRef = 966C1DCB25AAFBA800555623 /* UIImageExtension.swift */; };
		966C1F9025AB683700555623 /* UnsplashDetailsPageViewController.swift in Sources */ = {isa = PBXBuildFile; fileRef = 966C1F8F25AB683700555623 /* UnsplashDetailsPageViewController.swift */; };
		969E898625A79A560072AC15 /* UnsplashSearchTableViewController.swift in Sources */ = {isa = PBXBuildFile; fileRef = 969E898525A79A560072AC15 /* UnsplashSearchTableViewController.swift */; };
		969E898925A79E0A0072AC15 /* PrimarySplitViewController.swift in Sources */ = {isa = PBXBuildFile; fileRef = 969E898825A79E0A0072AC15 /* PrimarySplitViewController.swift */; };
		96F93D2925A78CE4005DB503 /* AppDelegate.swift in Sources */ = {isa = PBXBuildFile; fileRef = 96F93D2825A78CE4005DB503 /* AppDelegate.swift */; };
		96F93D2B25A78CE4005DB503 /* SceneDelegate.swift in Sources */ = {isa = PBXBuildFile; fileRef = 96F93D2A25A78CE4005DB503 /* SceneDelegate.swift */; };
		96F93D3025A78CE4005DB503 /* Unsplash.storyboard in Resources */ = {isa = PBXBuildFile; fileRef = 96F93D2E25A78CE4005DB503 /* Unsplash.storyboard */; };
		96F93D3225A78CE6005DB503 /* Assets.xcassets in Resources */ = {isa = PBXBuildFile; fileRef = 96F93D3125A78CE6005DB503 /* Assets.xcassets */; };
		96F93D3F25A78F38005DB503 /* LaunchScreen.storyboard in Resources */ = {isa = PBXBuildFile; fileRef = 96F93D3E25A78F38005DB503 /* LaunchScreen.storyboard */; };
/* End PBXBuildFile section */

/* Begin PBXFileReference section */
		966C1D2725A87B7600555623 /* UnsplashSearchTableViewCell.swift */ = {isa = PBXFileReference; lastKnownFileType = sourcecode.swift; path = UnsplashSearchTableViewCell.swift; sourceTree = "<group>"; };
		966C1D2B25A87D7000555623 /* UnsplashPhoto.swift */ = {isa = PBXFileReference; lastKnownFileType = sourcecode.swift; path = UnsplashPhoto.swift; sourceTree = "<group>"; };
		966C1D2E25A87DB400555623 /* UnsplashUser.swift */ = {isa = PBXFileReference; lastKnownFileType = sourcecode.swift; path = UnsplashUser.swift; sourceTree = "<group>"; };
		966C1D3325A8826E00555623 /* DictionaryExtension.swift */ = {isa = PBXFileReference; lastKnownFileType = sourcecode.swift; path = DictionaryExtension.swift; sourceTree = "<group>"; };
		966C1D3725A8829D00555623 /* KeyedDecodingContainerExtension.swift */ = {isa = PBXFileReference; lastKnownFileType = sourcecode.swift; path = KeyedDecodingContainerExtension.swift; sourceTree = "<group>"; };
		966C1D3B25A887B700555623 /* UnsplashSearchDataController.swift */ = {isa = PBXFileReference; lastKnownFileType = sourcecode.swift; path = UnsplashSearchDataController.swift; sourceTree = "<group>"; };
		966C1D4025A8884800555623 /* ReusableDataController.swift */ = {isa = PBXFileReference; lastKnownFileType = sourcecode.swift; path = ReusableDataController.swift; sourceTree = "<group>"; };
		966C1D4A25A8915D00555623 /* BringJsonOperation.swift */ = {isa = PBXFileReference; lastKnownFileType = sourcecode.swift; path = BringJsonOperation.swift; sourceTree = "<group>"; };
		966C1D4E25A89BCC00555623 /* UnsplashSearch.swift */ = {isa = PBXFileReference; lastKnownFileType = sourcecode.swift; path = UnsplashSearch.swift; sourceTree = "<group>"; };
		966C1D5325AA21FA00555623 /* UnsplashAPIConfiguration.swift */ = {isa = PBXFileReference; lastKnownFileType = sourcecode.swift; path = UnsplashAPIConfiguration.swift; sourceTree = "<group>"; };
		966C1D5625AA250700555623 /* NetworkRequestOperation.swift */ = {isa = PBXFileReference; lastKnownFileType = sourcecode.swift; path = NetworkRequestOperation.swift; sourceTree = "<group>"; };
		966C1D5925AA2A5C00555623 /* UnsplashSearchRequestOperation.swift */ = {isa = PBXFileReference; lastKnownFileType = sourcecode.swift; path = UnsplashSearchRequestOperation.swift; sourceTree = "<group>"; };
		966C1D5C25AA2C4900555623 /* UnsplashRequestOperation.swift */ = {isa = PBXFileReference; lastKnownFileType = sourcecode.swift; path = UnsplashRequestOperation.swift; sourceTree = "<group>"; };
		966C1D6425AA330C00555623 /* UnsplashPagedRequestOperation.swift */ = {isa = PBXFileReference; lastKnownFileType = sourcecode.swift; path = UnsplashPagedRequestOperation.swift; sourceTree = "<group>"; };
		966C1D6725AA35E300555623 /* UnsplashPhotosSearchRequestOperation.swift */ = {isa = PBXFileReference; lastKnownFileType = sourcecode.swift; path = UnsplashPhotosSearchRequestOperation.swift; sourceTree = "<group>"; };
		966C1D6A25AA4DD600555623 /* UIImageBlurHashDecodeExtension.swift */ = {isa = PBXFileReference; lastKnownFileType = sourcecode.swift; path = UIImageBlurHashDecodeExtension.swift; sourceTree = "<group>"; };
		966C1D9925AA668000555623 /* UnsplashDetailsViewController.swift */ = {isa = PBXFileReference; lastKnownFileType = sourcecode.swift; path = UnsplashDetailsViewController.swift; sourceTree = "<group>"; };
		966C1DCB25AAFBA800555623 /* UIImageExtension.swift */ = {isa = PBXFileReference; lastKnownFileType = sourcecode.swift; path = UIImageExtension.swift; sourceTree = "<group>"; };
		966C1F8F25AB683700555623 /* UnsplashDetailsPageViewController.swift */ = {isa = PBXFileReference; lastKnownFileType = sourcecode.swift; path = UnsplashDetailsPageViewController.swift; sourceTree = "<group>"; };
		969E898525A79A560072AC15 /* UnsplashSearchTableViewController.swift */ = {isa = PBXFileReference; lastKnownFileType = sourcecode.swift; path = UnsplashSearchTableViewController.swift; sourceTree = "<group>"; };
		969E898825A79E0A0072AC15 /* PrimarySplitViewController.swift */ = {isa = PBXFileReference; lastKnownFileType = sourcecode.swift; path = PrimarySplitViewController.swift; sourceTree = "<group>"; };
		96F93D2525A78CE4005DB503 /* SimilarWebTest.app */ = {isa = PBXFileReference; explicitFileType = wrapper.application; includeInIndex = 0; path = SimilarWebTest.app; sourceTree = BUILT_PRODUCTS_DIR; };
		96F93D2825A78CE4005DB503 /* AppDelegate.swift */ = {isa = PBXFileReference; lastKnownFileType = sourcecode.swift; path = AppDelegate.swift; sourceTree = "<group>"; };
		96F93D2A25A78CE4005DB503 /* SceneDelegate.swift */ = {isa = PBXFileReference; lastKnownFileType = sourcecode.swift; path = SceneDelegate.swift; sourceTree = "<group>"; };
		96F93D2F25A78CE4005DB503 /* Base */ = {isa = PBXFileReference; lastKnownFileType = file.storyboard; name = Base; path = Base.lproj/Unsplash.storyboard; sourceTree = "<group>"; };
		96F93D3125A78CE6005DB503 /* Assets.xcassets */ = {isa = PBXFileReference; lastKnownFileType = folder.assetcatalog; path = Assets.xcassets; sourceTree = "<group>"; };
		96F93D3625A78CE6005DB503 /* Info.plist */ = {isa = PBXFileReference; lastKnownFileType = text.plist.xml; path = Info.plist; sourceTree = "<group>"; };
		96F93D3E25A78F38005DB503 /* LaunchScreen.storyboard */ = {isa = PBXFileReference; lastKnownFileType = file.storyboard; path = LaunchScreen.storyboard; sourceTree = "<group>"; };
/* End PBXFileReference section */

/* Begin PBXFrameworksBuildPhase section */
		96F93D2225A78CE4005DB503 /* Frameworks */ = {
			isa = PBXFrameworksBuildPhase;
			buildActionMask = 2147483647;
			files = (
				966C1D9525AA62DE00555623 /* SDWebImage in Frameworks */,
				966C1D4525A88F8800555623 /* ProcedureKitNetwork in Frameworks */,
				966C1D4725A88F8800555623 /* ProcedureKit in Frameworks */,
			);
			runOnlyForDeploymentPostprocessing = 0;
		};
/* End PBXFrameworksBuildPhase section */

/* Begin PBXGroup section */
		966C1D1E25A87A6B00555623 /* Common */ = {
			isa = PBXGroup;
			children = (
				966C1D5225AA21E800555623 /* Unsplash API */,
				966C1D4925A8907700555623 /* Operations */,
				966C1D3F25A8883A00555623 /* Protocols */,
				966C1D3125A8823B00555623 /* Utils */,
				966C1D2A25A87D2F00555623 /* Models */,
			);
			path = Common;
			sourceTree = "<group>";
		};
		966C1D1F25A87A8B00555623 /* Supporting Files */ = {
			isa = PBXGroup;
			children = (
				96F93D3E25A78F38005DB503 /* LaunchScreen.storyboard */,
				96F93D3125A78CE6005DB503 /* Assets.xcassets */,
				96F93D3625A78CE6005DB503 /* Info.plist */,
			);
			path = "Supporting Files";
			sourceTree = "<group>";
		};
		966C1D2225A87B3500555623 /* Unsplash Search */ = {
			isa = PBXGroup;
			children = (
				966C1D3A25A8879A00555623 /* Data Controller */,
				966C1D2425A87B4100555623 /* View Controller */,
				966C1D2625A87B4A00555623 /* Table View Cell */,
			);
			path = "Unsplash Search";
			sourceTree = "<group>";
		};
		966C1D2425A87B4100555623 /* View Controller */ = {
			isa = PBXGroup;
			children = (
				969E898525A79A560072AC15 /* UnsplashSearchTableViewController.swift */,
			);
			path = "View Controller";
			sourceTree = "<group>";
		};
		966C1D2625A87B4A00555623 /* Table View Cell */ = {
			isa = PBXGroup;
			children = (
				966C1D2725A87B7600555623 /* UnsplashSearchTableViewCell.swift */,
			);
			path = "Table View Cell";
			sourceTree = "<group>";
		};
		966C1D2A25A87D2F00555623 /* Models */ = {
			isa = PBXGroup;
			children = (
				966C1D2B25A87D7000555623 /* UnsplashPhoto.swift */,
				966C1D2E25A87DB400555623 /* UnsplashUser.swift */,
				966C1D4E25A89BCC00555623 /* UnsplashSearch.swift */,
			);
			path = Models;
			sourceTree = "<group>";
		};
		966C1D3125A8823B00555623 /* Utils */ = {
			isa = PBXGroup;
			children = (
				966C1D3225A8824800555623 /* Extensions */,
			);
			path = Utils;
			sourceTree = "<group>";
		};
		966C1D3225A8824800555623 /* Extensions */ = {
			isa = PBXGroup;
			children = (
				966C1D3325A8826E00555623 /* DictionaryExtension.swift */,
				966C1D3725A8829D00555623 /* KeyedDecodingContainerExtension.swift */,
				966C1D6A25AA4DD600555623 /* UIImageBlurHashDecodeExtension.swift */,
				966C1DCB25AAFBA800555623 /* UIImageExtension.swift */,
			);
			path = Extensions;
			sourceTree = "<group>";
		};
		966C1D3A25A8879A00555623 /* Data Controller */ = {
			isa = PBXGroup;
			children = (
				966C1D3B25A887B700555623 /* UnsplashSearchDataController.swift */,
			);
			path = "Data Controller";
			sourceTree = "<group>";
		};
		966C1D3F25A8883A00555623 /* Protocols */ = {
			isa = PBXGroup;
			children = (
				966C1D4025A8884800555623 /* ReusableDataController.swift */,
			);
			path = Protocols;
			sourceTree = "<group>";
		};
		966C1D4925A8907700555623 /* Operations */ = {
			isa = PBXGroup;
			children = (
				966C1D6025AA32E900555623 /* Network */,
				966C1D6225AA32F900555623 /* Unsplash */,
			);
			path = Operations;
			sourceTree = "<group>";
		};
		966C1D5225AA21E800555623 /* Unsplash API */ = {
			isa = PBXGroup;
			children = (
				966C1D5325AA21FA00555623 /* UnsplashAPIConfiguration.swift */,
			);
			path = "Unsplash API";
			sourceTree = "<group>";
		};
		966C1D6025AA32E900555623 /* Network */ = {
			isa = PBXGroup;
			children = (
				966C1D5625AA250700555623 /* NetworkRequestOperation.swift */,
				966C1D4A25A8915D00555623 /* BringJsonOperation.swift */,
			);
			path = Network;
			sourceTree = "<group>";
		};
		966C1D6225AA32F900555623 /* Unsplash */ = {
			isa = PBXGroup;
			children = (
				966C1D5C25AA2C4900555623 /* UnsplashRequestOperation.swift */,
				966C1D6425AA330C00555623 /* UnsplashPagedRequestOperation.swift */,
				966C1D5925AA2A5C00555623 /* UnsplashSearchRequestOperation.swift */,
				966C1D6725AA35E300555623 /* UnsplashPhotosSearchRequestOperation.swift */,
			);
			path = Unsplash;
			sourceTree = "<group>";
		};
		966C1D9725AA665500555623 /* UnsplashDetails */ = {
			isa = PBXGroup;
			children = (
				966C1F8E25AB680B00555623 /* Page View Controller */,
				966C1D9825AA666300555623 /* View Controller */,
			);
			path = UnsplashDetails;
			sourceTree = "<group>";
		};
		966C1D9825AA666300555623 /* View Controller */ = {
			isa = PBXGroup;
			children = (
				966C1D9925AA668000555623 /* UnsplashDetailsViewController.swift */,
			);
			path = "View Controller";
			sourceTree = "<group>";
		};
		966C1F8E25AB680B00555623 /* Page View Controller */ = {
			isa = PBXGroup;
			children = (
				966C1F8F25AB683700555623 /* UnsplashDetailsPageViewController.swift */,
			);
			path = "Page View Controller";
			sourceTree = "<group>";
		};
		969E898E25A7ADE70072AC15 /* Application Managment */ = {
			isa = PBXGroup;
			children = (
				96F93D2825A78CE4005DB503 /* AppDelegate.swift */,
				96F93D2A25A78CE4005DB503 /* SceneDelegate.swift */,
			);
			path = "Application Managment";
			sourceTree = "<group>";
		};
		969E898F25A7AE260072AC15 /* Modules */ = {
			isa = PBXGroup;
			children = (
				969E899025A7AE3F0072AC15 /* Unsplash */,
			);
			path = Modules;
			sourceTree = "<group>";
		};
		969E899025A7AE3F0072AC15 /* Unsplash */ = {
			isa = PBXGroup;
			children = (
				96F93D2E25A78CE4005DB503 /* Unsplash.storyboard */,
				969E899225A7AF290072AC15 /* Primary Split View Controller */,
				966C1D2225A87B3500555623 /* Unsplash Search */,
				966C1D9725AA665500555623 /* UnsplashDetails */,
			);
			path = Unsplash;
			sourceTree = "<group>";
		};
		969E899225A7AF290072AC15 /* Primary Split View Controller */ = {
			isa = PBXGroup;
			children = (
				969E898825A79E0A0072AC15 /* PrimarySplitViewController.swift */,
			);
			path = "Primary Split View Controller";
			sourceTree = "<group>";
		};
		96F93D1C25A78CE4005DB503 = {
			isa = PBXGroup;
			children = (
				96F93D2725A78CE4005DB503 /* SimilarWebTest */,
				96F93D2625A78CE4005DB503 /* Products */,
			);
			sourceTree = "<group>";
		};
		96F93D2625A78CE4005DB503 /* Products */ = {
			isa = PBXGroup;
			children = (
				96F93D2525A78CE4005DB503 /* SimilarWebTest.app */,
			);
			name = Products;
			sourceTree = "<group>";
		};
		96F93D2725A78CE4005DB503 /* SimilarWebTest */ = {
			isa = PBXGroup;
			children = (
				969E898E25A7ADE70072AC15 /* Application Managment */,
				966C1D1E25A87A6B00555623 /* Common */,
				969E898F25A7AE260072AC15 /* Modules */,
				966C1D1F25A87A8B00555623 /* Supporting Files */,
			);
			path = SimilarWebTest;
			sourceTree = "<group>";
		};
/* End PBXGroup section */

/* Begin PBXNativeTarget section */
		96F93D2425A78CE4005DB503 /* SimilarWebTest */ = {
			isa = PBXNativeTarget;
			buildConfigurationList = 96F93D3925A78CE6005DB503 /* Build configuration list for PBXNativeTarget "SimilarWebTest" */;
			buildPhases = (
				96F93D2125A78CE4005DB503 /* Sources */,
				96F93D2225A78CE4005DB503 /* Frameworks */,
				96F93D2325A78CE4005DB503 /* Resources */,
			);
			buildRules = (
			);
			dependencies = (
			);
			name = SimilarWebTest;
			packageProductDependencies = (
				966C1D4425A88F8800555623 /* ProcedureKitNetwork */,
				966C1D4625A88F8800555623 /* ProcedureKit */,
				966C1D9425AA62DE00555623 /* SDWebImage */,
			);
			productName = SimilarWebTest;
			productReference = 96F93D2525A78CE4005DB503 /* SimilarWebTest.app */;
			productType = "com.apple.product-type.application";
		};
/* End PBXNativeTarget section */

/* Begin PBXProject section */
		96F93D1D25A78CE4005DB503 /* Project object */ = {
			isa = PBXProject;
			attributes = {
				LastSwiftUpdateCheck = 1220;
				LastUpgradeCheck = 1220;
				TargetAttributes = {
					96F93D2425A78CE4005DB503 = {
						CreatedOnToolsVersion = 12.2;
					};
				};
			};
			buildConfigurationList = 96F93D2025A78CE4005DB503 /* Build configuration list for PBXProject "SimilarWebTest" */;
			compatibilityVersion = "Xcode 9.3";
			developmentRegion = en;
			hasScannedForEncodings = 0;
			knownRegions = (
				en,
				Base,
			);
			mainGroup = 96F93D1C25A78CE4005DB503;
			packageReferences = (
				966C1D4325A88F8800555623 /* XCRemoteSwiftPackageReference "ProcedureKit" */,
				966C1D9325AA62DE00555623 /* XCRemoteSwiftPackageReference "SDWebImage" */,
			);
			productRefGroup = 96F93D2625A78CE4005DB503 /* Products */;
			projectDirPath = "";
			projectRoot = "";
			targets = (
				96F93D2425A78CE4005DB503 /* SimilarWebTest */,
			);
		};
/* End PBXProject section */

/* Begin PBXResourcesBuildPhase section */
		96F93D2325A78CE4005DB503 /* Resources */ = {
			isa = PBXResourcesBuildPhase;
			buildActionMask = 2147483647;
			files = (
				96F93D3F25A78F38005DB503 /* LaunchScreen.storyboard in Resources */,
				96F93D3225A78CE6005DB503 /* Assets.xcassets in Resources */,
				96F93D3025A78CE4005DB503 /* Unsplash.storyboard in Resources */,
			);
			runOnlyForDeploymentPostprocessing = 0;
		};
/* End PBXResourcesBuildPhase section */

/* Begin PBXSourcesBuildPhase section */
		96F93D2125A78CE4005DB503 /* Sources */ = {
			isa = PBXSourcesBuildPhase;
			buildActionMask = 2147483647;
			files = (
				966C1D4125A8884800555623 /* ReusableDataController.swift in Sources */,
				966C1D2F25A87DB400555623 /* UnsplashUser.swift in Sources */,
				969E898925A79E0A0072AC15 /* PrimarySplitViewController.swift in Sources */,
				966C1D2825A87B7600555623 /* UnsplashSearchTableViewCell.swift in Sources */,
				966C1D3C25A887B700555623 /* UnsplashSearchDataController.swift in Sources */,
				96F93D2925A78CE4005DB503 /* AppDelegate.swift in Sources */,
				96F93D2B25A78CE4005DB503 /* SceneDelegate.swift in Sources */,
				966C1D5D25AA2C4900555623 /* UnsplashRequestOperation.swift in Sources */,
				966C1D2C25A87D7000555623 /* UnsplashPhoto.swift in Sources */,
				966C1D4F25A89BCC00555623 /* UnsplashSearch.swift in Sources */,
				966C1D6B25AA4DD600555623 /* UIImageBlurHashDecodeExtension.swift in Sources */,
				969E898625A79A560072AC15 /* UnsplashSearchTableViewController.swift in Sources */,
				966C1D6525AA330C00555623 /* UnsplashPagedRequestOperation.swift in Sources */,
				966C1F9025AB683700555623 /* UnsplashDetailsPageViewController.swift in Sources */,
				966C1D3825A8829D00555623 /* KeyedDecodingContainerExtension.swift in Sources */,
				966C1D6825AA35E300555623 /* UnsplashPhotosSearchRequestOperation.swift in Sources */,
				966C1DCC25AAFBA800555623 /* UIImageExtension.swift in Sources */,
				966C1D4B25A8915D00555623 /* BringJsonOperation.swift in Sources */,
				966C1D9A25AA668000555623 /* UnsplashDetailsViewController.swift in Sources */,
				966C1D5425AA21FA00555623 /* UnsplashAPIConfiguration.swift in Sources */,
				966C1D5A25AA2A5C00555623 /* UnsplashSearchRequestOperation.swift in Sources */,
				966C1D3425A8826E00555623 /* DictionaryExtension.swift in Sources */,
				966C1D5725AA250700555623 /* NetworkRequestOperation.swift in Sources */,
			);
			runOnlyForDeploymentPostprocessing = 0;
		};
/* End PBXSourcesBuildPhase section */

/* Begin PBXVariantGroup section */
		96F93D2E25A78CE4005DB503 /* Unsplash.storyboard */ = {
			isa = PBXVariantGroup;
			children = (
				96F93D2F25A78CE4005DB503 /* Base */,
			);
			name = Unsplash.storyboard;
			sourceTree = "<group>";
		};
/* End PBXVariantGroup section */

/* Begin XCBuildConfiguration section */
		96F93D3725A78CE6005DB503 /* Debug */ = {
			isa = XCBuildConfiguration;
			buildSettings = {
				ALWAYS_SEARCH_USER_PATHS = NO;
				CLANG_ANALYZER_NONNULL = YES;
				CLANG_ANALYZER_NUMBER_OBJECT_CONVERSION = YES_AGGRESSIVE;
				CLANG_CXX_LANGUAGE_STANDARD = "gnu++14";
				CLANG_CXX_LIBRARY = "libc++";
				CLANG_ENABLE_MODULES = YES;
				CLANG_ENABLE_OBJC_ARC = YES;
				CLANG_ENABLE_OBJC_WEAK = YES;
				CLANG_WARN_BLOCK_CAPTURE_AUTORELEASING = YES;
				CLANG_WARN_BOOL_CONVERSION = YES;
				CLANG_WARN_COMMA = YES;
				CLANG_WARN_CONSTANT_CONVERSION = YES;
				CLANG_WARN_DEPRECATED_OBJC_IMPLEMENTATIONS = YES;
				CLANG_WARN_DIRECT_OBJC_ISA_USAGE = YES_ERROR;
				CLANG_WARN_DOCUMENTATION_COMMENTS = YES;
				CLANG_WARN_EMPTY_BODY = YES;
				CLANG_WARN_ENUM_CONVERSION = YES;
				CLANG_WARN_INFINITE_RECURSION = YES;
				CLANG_WARN_INT_CONVERSION = YES;
				CLANG_WARN_NON_LITERAL_NULL_CONVERSION = YES;
				CLANG_WARN_OBJC_IMPLICIT_RETAIN_SELF = YES;
				CLANG_WARN_OBJC_LITERAL_CONVERSION = YES;
				CLANG_WARN_OBJC_ROOT_CLASS = YES_ERROR;
				CLANG_WARN_QUOTED_INCLUDE_IN_FRAMEWORK_HEADER = YES;
				CLANG_WARN_RANGE_LOOP_ANALYSIS = YES;
				CLANG_WARN_STRICT_PROTOTYPES = YES;
				CLANG_WARN_SUSPICIOUS_MOVE = YES;
				CLANG_WARN_UNGUARDED_AVAILABILITY = YES_AGGRESSIVE;
				CLANG_WARN_UNREACHABLE_CODE = YES;
				CLANG_WARN__DUPLICATE_METHOD_MATCH = YES;
				COPY_PHASE_STRIP = NO;
				DEBUG_INFORMATION_FORMAT = dwarf;
				ENABLE_STRICT_OBJC_MSGSEND = YES;
				ENABLE_TESTABILITY = YES;
				GCC_C_LANGUAGE_STANDARD = gnu11;
				GCC_DYNAMIC_NO_PIC = NO;
				GCC_NO_COMMON_BLOCKS = YES;
				GCC_OPTIMIZATION_LEVEL = 0;
				GCC_PREPROCESSOR_DEFINITIONS = (
					"DEBUG=1",
					"$(inherited)",
				);
				GCC_WARN_64_TO_32_BIT_CONVERSION = YES;
				GCC_WARN_ABOUT_RETURN_TYPE = YES_ERROR;
				GCC_WARN_UNDECLARED_SELECTOR = YES;
				GCC_WARN_UNINITIALIZED_AUTOS = YES_AGGRESSIVE;
				GCC_WARN_UNUSED_FUNCTION = YES;
				GCC_WARN_UNUSED_VARIABLE = YES;
				IPHONEOS_DEPLOYMENT_TARGET = 13.3;
				MTL_ENABLE_DEBUG_INFO = INCLUDE_SOURCE;
				MTL_FAST_MATH = YES;
				ONLY_ACTIVE_ARCH = YES;
				SDKROOT = iphoneos;
				SWIFT_ACTIVE_COMPILATION_CONDITIONS = DEBUG;
				SWIFT_OPTIMIZATION_LEVEL = "-Onone";
			};
			name = Debug;
		};
		96F93D3825A78CE6005DB503 /* Release */ = {
			isa = XCBuildConfiguration;
			buildSettings = {
				ALWAYS_SEARCH_USER_PATHS = NO;
				CLANG_ANALYZER_NONNULL = YES;
				CLANG_ANALYZER_NUMBER_OBJECT_CONVERSION = YES_AGGRESSIVE;
				CLANG_CXX_LANGUAGE_STANDARD = "gnu++14";
				CLANG_CXX_LIBRARY = "libc++";
				CLANG_ENABLE_MODULES = YES;
				CLANG_ENABLE_OBJC_ARC = YES;
				CLANG_ENABLE_OBJC_WEAK = YES;
				CLANG_WARN_BLOCK_CAPTURE_AUTORELEASING = YES;
				CLANG_WARN_BOOL_CONVERSION = YES;
				CLANG_WARN_COMMA = YES;
				CLANG_WARN_CONSTANT_CONVERSION = YES;
				CLANG_WARN_DEPRECATED_OBJC_IMPLEMENTATIONS = YES;
				CLANG_WARN_DIRECT_OBJC_ISA_USAGE = YES_ERROR;
				CLANG_WARN_DOCUMENTATION_COMMENTS = YES;
				CLANG_WARN_EMPTY_BODY = YES;
				CLANG_WARN_ENUM_CONVERSION = YES;
				CLANG_WARN_INFINITE_RECURSION = YES;
				CLANG_WARN_INT_CONVERSION = YES;
				CLANG_WARN_NON_LITERAL_NULL_CONVERSION = YES;
				CLANG_WARN_OBJC_IMPLICIT_RETAIN_SELF = YES;
				CLANG_WARN_OBJC_LITERAL_CONVERSION = YES;
				CLANG_WARN_OBJC_ROOT_CLASS = YES_ERROR;
				CLANG_WARN_QUOTED_INCLUDE_IN_FRAMEWORK_HEADER = YES;
				CLANG_WARN_RANGE_LOOP_ANALYSIS = YES;
				CLANG_WARN_STRICT_PROTOTYPES = YES;
				CLANG_WARN_SUSPICIOUS_MOVE = YES;
				CLANG_WARN_UNGUARDED_AVAILABILITY = YES_AGGRESSIVE;
				CLANG_WARN_UNREACHABLE_CODE = YES;
				CLANG_WARN__DUPLICATE_METHOD_MATCH = YES;
				COPY_PHASE_STRIP = NO;
				DEBUG_INFORMATION_FORMAT = "dwarf-with-dsym";
				ENABLE_NS_ASSERTIONS = NO;
				ENABLE_STRICT_OBJC_MSGSEND = YES;
				GCC_C_LANGUAGE_STANDARD = gnu11;
				GCC_NO_COMMON_BLOCKS = YES;
				GCC_WARN_64_TO_32_BIT_CONVERSION = YES;
				GCC_WARN_ABOUT_RETURN_TYPE = YES_ERROR;
				GCC_WARN_UNDECLARED_SELECTOR = YES;
				GCC_WARN_UNINITIALIZED_AUTOS = YES_AGGRESSIVE;
				GCC_WARN_UNUSED_FUNCTION = YES;
				GCC_WARN_UNUSED_VARIABLE = YES;
				IPHONEOS_DEPLOYMENT_TARGET = 13.3;
				MTL_ENABLE_DEBUG_INFO = NO;
				MTL_FAST_MATH = YES;
				SDKROOT = iphoneos;
				SWIFT_COMPILATION_MODE = wholemodule;
				SWIFT_OPTIMIZATION_LEVEL = "-O";
				VALIDATE_PRODUCT = YES;
			};
			name = Release;
		};
		96F93D3A25A78CE6005DB503 /* Debug */ = {
			isa = XCBuildConfiguration;
			buildSettings = {
				ASSETCATALOG_COMPILER_APPICON_NAME = AppIcon;
				ASSETCATALOG_COMPILER_GLOBAL_ACCENT_COLOR_NAME = AccentColor;
				CODE_SIGN_IDENTITY = "Apple Development";
				CODE_SIGN_STYLE = Automatic;
				DEVELOPMENT_TEAM = 4WDRL2HN7M;
				INFOPLIST_FILE = "SimilarWebTest/Supporting Files/Info.plist";
				LD_RUNPATH_SEARCH_PATHS = (
					"$(inherited)",
					"@executable_path/Frameworks",
				);
				PRODUCT_BUNDLE_IDENTIFIER = com.MendyBarouk.SimilarWebTest;
				PRODUCT_NAME = "$(TARGET_NAME)";
				PROVISIONING_PROFILE_SPECIFIER = "";
				SWIFT_VERSION = 5.0;
				TARGETED_DEVICE_FAMILY = "1,2";
			};
			name = Debug;
		};
		96F93D3B25A78CE6005DB503 /* Release */ = {
			isa = XCBuildConfiguration;
			buildSettings = {
				ASSETCATALOG_COMPILER_APPICON_NAME = AppIcon;
				ASSETCATALOG_COMPILER_GLOBAL_ACCENT_COLOR_NAME = AccentColor;
				CODE_SIGN_IDENTITY = "Apple Development";
				CODE_SIGN_STYLE = Automatic;
				DEVELOPMENT_TEAM = 4WDRL2HN7M;
				INFOPLIST_FILE = "SimilarWebTest/Supporting Files/Info.plist";
				LD_RUNPATH_SEARCH_PATHS = (
					"$(inherited)",
					"@executable_path/Frameworks",
				);
				PRODUCT_BUNDLE_IDENTIFIER = com.MendyBarouk.SimilarWebTest;
				PRODUCT_NAME = "$(TARGET_NAME)";
				PROVISIONING_PROFILE_SPECIFIER = "";
				SWIFT_VERSION = 5.0;
				TARGETED_DEVICE_FAMILY = "1,2";
			};
			name = Release;
		};
/* End XCBuildConfiguration section */

/* Begin XCConfigurationList section */
		96F93D2025A78CE4005DB503 /* Build configuration list for PBXProject "SimilarWebTest" */ = {
			isa = XCConfigurationList;
			buildConfigurations = (
				96F93D3725A78CE6005DB503 /* Debug */,
				96F93D3825A78CE6005DB503 /* Release */,
			);
			defaultConfigurationIsVisible = 0;
			defaultConfigurationName = Release;
		};
		96F93D3925A78CE6005DB503 /* Build configuration list for PBXNativeTarget "SimilarWebTest" */ = {
			isa = XCConfigurationList;
			buildConfigurations = (
				96F93D3A25A78CE6005DB503 /* Debug */,
				96F93D3B25A78CE6005DB503 /* Release */,
			);
			defaultConfigurationIsVisible = 0;
			defaultConfigurationName = Release;
		};
/* End XCConfigurationList section */

/* Begin XCRemoteSwiftPackageReference section */
		966C1D4325A88F8800555623 /* XCRemoteSwiftPackageReference "ProcedureKit" */ = {
			isa = XCRemoteSwiftPackageReference;
			repositoryURL = "https://github.com/ProcedureKit/ProcedureKit.git";
			requirement = {
				kind = upToNextMajorVersion;
				minimumVersion = 5.2.0;
			};
		};
		966C1D9325AA62DE00555623 /* XCRemoteSwiftPackageReference "SDWebImage" */ = {
			isa = XCRemoteSwiftPackageReference;
			repositoryURL = "https://github.com/SDWebImage/SDWebImage.git";
			requirement = {
				kind = upToNextMajorVersion;
				minimumVersion = 5.10.2;
			};
		};
/* End XCRemoteSwiftPackageReference section */

/* Begin XCSwiftPackageProductDependency section */
		966C1D4425A88F8800555623 /* ProcedureKitNetwork */ = {
			isa = XCSwiftPackageProductDependency;
			package = 966C1D4325A88F8800555623 /* XCRemoteSwiftPackageReference "ProcedureKit" */;
			productName = ProcedureKitNetwork;
		};
		966C1D4625A88F8800555623 /* ProcedureKit */ = {
			isa = XCSwiftPackageProductDependency;
			package = 966C1D4325A88F8800555623 /* XCRemoteSwiftPackageReference "ProcedureKit" */;
			productName = ProcedureKit;
		};
		966C1D9425AA62DE00555623 /* SDWebImage */ = {
			isa = XCSwiftPackageProductDependency;
			package = 966C1D9325AA62DE00555623 /* XCRemoteSwiftPackageReference "SDWebImage" */;
			productName = SDWebImage;
		};
/* End XCSwiftPackageProductDependency section */
	};
	rootObject = 96F93D1D25A78CE4005DB503 /* Project object */;
}
